
Microsoft Visual Studio Solution File, Format Version 12.00
# Visual Studio Version 17
VisualStudioVersion = 17.14.36705.20 d17.14
MinimumVisualStudioVersion = 10.0.40219.1
Project("{8BC9CEB8-8B4A-11D0-8D11-00A0C91BC942}") = "Tree", "Tree.vcxproj", "{ED40A035-C479-426D-8547-67C68BBD8284}"
EndProject
Global
	GlobalSection(SolutionConfigurationPlatforms) = preSolution
		Debug|x64 = Debug|x64
		Debug|x86 = Debug|x86
		Release|x64 = Release|x64
		Release|x86 = Release|x86
	EndGlobalSection
	GlobalSection(ProjectConfigurationPlatforms) = postSolution
		{ED40A035-C479-426D-8547-67C68BBD8284}.Debug|x64.ActiveCfg = Debug|x64
		{ED40A035-C479-426D-8547-67C68BBD8284}.Debug|x64.Build.0 = Debug|x64
		{ED40A035-C479-426D-8547-67C68BBD8284}.Debug|x86.ActiveCfg = Debug|Win32
		{ED40A035-C479-426D-8547-67C68BBD8284}.Debug|x86.Build.0 = Debug|Win32
		{ED40A035-C479-426D-8547-67C68BBD8284}.Release|x64.ActiveCfg = Release|x64
		{ED40A035-C479-426D-8547-67C68BBD8284}.Release|x64.Build.0 = Release|x64
		{ED40A035-C479-426D-8547-67C68BBD8284}.Release|x86.ActiveCfg = Release|Win32
		{ED40A035-C479-426D-8547-67C68BBD8284}.Release|x86.Build.0 = Release|Win32
	EndGlobalSection
	GlobalSection(SolutionProperties) = preSolution
		HideSolutionNode = FALSE
	EndGlobalSection
	GlobalSection(ExtensibilityGlobals) = postSolution
		SolutionGuid = {494124D4-CF8F-483C-B020-25D63EDECA4B}
	EndGlobalSection
EndGlobal
